
Microsoft Visual Studio Solution File, Format Version 12.00
# Visual Studio Version 17
VisualStudioVersion = 17.1.32407.343
MinimumVisualStudioVersion = 10.0.40219.1
Project("{FAE04EC0-301F-11D3-BF4B-00C04F79EFBC}") = "EasyGunLauncherLite", "EasyGunLauncherLite\EasyGunLauncherLite.csproj", "{1B604E49-F3BE-47D8-85D6-3985DB0EAA65}"
EndProject
Global
	GlobalSection(SolutionConfigurationPlatforms) = preSolution
		Debug|Any CPU = Debug|Any CPU
		Release|Any CPU = Release|Any CPU
	EndGlobalSection
	GlobalSection(ProjectConfigurationPlatforms) = postSolution
		{1B604E49-F3BE-47D8-85D6-3985DB0EAA65}.Debug|Any CPU.ActiveCfg = Debug|Any CPU
		{1B604E49-F3BE-47D8-85D6-3985DB0EAA65}.Debug|Any CPU.Build.0 = Debug|Any CPU
		{1B604E49-F3BE-47D8-85D6-3985DB0EAA65}.Release|Any CPU.ActiveCfg = Release|Any CPU
		{1B604E49-F3BE-47D8-85D6-3985DB0EAA65}.Release|Any CPU.Build.0 = Release|Any CPU
	EndGlobalSection
	GlobalSection(SolutionProperties) = preSolution
		HideSolutionNode = FALSE
	EndGlobalSection
	GlobalSection(ExtensibilityGlobals) = postSolution
		SolutionGuid = {A505FBF7-A0F9-4B9F-B5BE-325111AAC34F}
	EndGlobalSection
EndGlobal
